
Microsoft Visual Studio Solution File, Format Version 12.00
# Visual Studio Version 17
VisualStudioVersion = 17.1.32328.378
MinimumVisualStudioVersion = 10.0.40219.1
Project("{FAE04EC0-301F-11D3-BF4B-00C04F79EFBC}") = "CSharp.LabExercise7", "CSharp.LabExercise7.csproj", "{53B4B0A0-F89A-4470-9072-363BA1FF2F63}"
EndProject
Global
	GlobalSection(SolutionConfigurationPlatforms) = preSolution
		Debug|Any CPU = Debug|Any CPU
		Release|Any CPU = Release|Any CPU
	EndGlobalSection
	GlobalSection(ProjectConfigurationPlatforms) = postSolution
		{53B4B0A0-F89A-4470-9072-363BA1FF2F63}.Debug|Any CPU.ActiveCfg = Debug|Any CPU
		{53B4B0A0-F89A-4470-9072-363BA1FF2F63}.Debug|Any CPU.Build.0 = Debug|Any CPU
		{53B4B0A0-F89A-4470-9072-363BA1FF2F63}.Release|Any CPU.ActiveCfg = Release|Any CPU
		{53B4B0A0-F89A-4470-9072-363BA1FF2F63}.Release|Any CPU.Build.0 = Release|Any CPU
	EndGlobalSection
	GlobalSection(SolutionProperties) = preSolution
		HideSolutionNode = FALSE
	EndGlobalSection
	GlobalSection(ExtensibilityGlobals) = postSolution
		SolutionGuid = {4EA7A89E-EA40-476D-BC74-140AA3799CBF}
	EndGlobalSection
EndGlobal
